
Microsoft Visual Studio Solution File, Format Version 12.00
# Visual Studio Version 17
VisualStudioVersion = 17.10.35013.160
MinimumVisualStudioVersion = 10.0.40219.1
Project("{FAE04EC0-301F-11D3-BF4B-00C04F79EFBC}") = "Calculadora2", "Calculadora2\Calculadora2.csproj", "{DAC55086-2C06-4349-98FD-13C0407F1232}"
EndProject
Global
	GlobalSection(SolutionConfigurationPlatforms) = preSolution
		Debug|Any CPU = Debug|Any CPU
		Release|Any CPU = Release|Any CPU
	EndGlobalSection
	GlobalSection(ProjectConfigurationPlatforms) = postSolution
		{DAC55086-2C06-4349-98FD-13C0407F1232}.Debug|Any CPU.ActiveCfg = Debug|Any CPU
		{DAC55086-2C06-4349-98FD-13C0407F1232}.Debug|Any CPU.Build.0 = Debug|Any CPU
		{DAC55086-2C06-4349-98FD-13C0407F1232}.Release|Any CPU.ActiveCfg = Release|Any CPU
		{DAC55086-2C06-4349-98FD-13C0407F1232}.Release|Any CPU.Build.0 = Release|Any CPU
	EndGlobalSection
	GlobalSection(SolutionProperties) = preSolution
		HideSolutionNode = FALSE
	EndGlobalSection
	GlobalSection(ExtensibilityGlobals) = postSolution
		SolutionGuid = {14053D78-BD6C-4F44-9424-2D909E26826F}
	EndGlobalSection
EndGlobal
